{
  "version": 4,
  "terraform_version": "1.5.7",
  "serial": 29,
  "lineage": "c9220123-eea5-d7a5-5246-35ef0cab8bb9",
  "outputs": {
    "app_read_secrets_policy_arn": {
      "value": "arn:aws:iam::498606688292:policy/richesreach-production-app-read-secrets",
      "type": "string"
    },
    "kms_key_alias": {
      "value": "alias/richesreach-production-secrets",
      "type": "string"
    },
    "kms_key_arn": {
      "value": "arn:aws:kms:us-east-1:498606688292:key/mrk-543ff07329f344aca6b1db17309e16b2",
      "type": "string"
    },
    "secret_arns": {
      "value": {
        "alchemy_key": "arn:aws:secretsmanager:us-east-1:498606688292:secret:richesreach/production/alchemy_key-Klp8EE",
        "alpha_vantage_key": "arn:aws:secretsmanager:us-east-1:498606688292:secret:richesreach/production/alpha_vantage_key-nnwExD",
        "aws_access_key": "arn:aws:secretsmanager:us-east-1:498606688292:secret:richesreach/production/aws_access_key-nnwExD",
        "finnhub_api_key": "arn:aws:secretsmanager:us-east-1:498606688292:secret:richesreach/production/finnhub_api_key-spPvOF",
        "newsapi_key": "arn:aws:secretsmanager:us-east-1:498606688292:secret:richesreach/production/newsapi_key-wr8m4H",
        "openai_api_key": "arn:aws:secretsmanager:us-east-1:498606688292:secret:richesreach/production/openai_api_key-9tfVYH",
        "polygon_api_key": "arn:aws:secretsmanager:us-east-1:498606688292:secret:richesreach/production/polygon_api_key-PnIZUE",
        "walletconnect_id": "arn:aws:secretsmanager:us-east-1:498606688292:secret:richesreach/production/walletconnect_id-4pW4HF"
      },
      "type": [
        "object",
        {
          "alchemy_key": "string",
          "alpha_vantage_key": "string",
          "aws_access_key": "string",
          "finnhub_api_key": "string",
          "newsapi_key": "string",
          "openai_api_key": "string",
          "polygon_api_key": "string",
          "walletconnect_id": "string"
        }
      ]
    }
  },
  "resources": [
    {
      "mode": "data",
      "type": "archive_file",
      "name": "rotate_generic_zip",
      "provider": "provider[\"registry.terraform.io/hashicorp/archive\"]",
      "instances": [
        {
          "schema_version": 0,
          "attributes": {
            "exclude_symlink_directories": null,
            "excludes": null,
            "id": "16f20835af3ecb831c37faba4b4b57d1848fc4b3",
            "output_base64sha256": "oz4c3/iLa8dtAaeID/uv8dPKb4cXbNbS9HRt+cPep3c=",
            "output_base64sha512": "vtu1aoYzJItF4HkovEwaPt8um9j8SfOs1uTd+0/kOsVXmQ+bWEVotmnVQDBf/Siqf1wMXW0N/lfbxv7KwGS4DQ==",
            "output_file_mode": null,
            "output_md5": "a90fa1369f31cd58e689893d7e7ad307",
            "output_path": "./.build/rotate_generic.zip",
            "output_sha": "16f20835af3ecb831c37faba4b4b57d1848fc4b3",
            "output_sha256": "a33e1cdff88b6bc76d01a7880ffbaff1d3ca6f87176cd6d2f4746df9c3dea777",
            "output_sha512": "bedbb56a8633248b45e07928bc4c1a3edf2e9bd8fc49f3acd6e4ddfb4fe43ac557990f9b584568b669d540305ffd28aa7f5c0c5d6d0dfe57dbc6fecac064b80d",
            "output_size": 1229,
            "source": [],
            "source_content": null,
            "source_content_filename": null,
            "source_dir": "./../lambdas/rotate_generic",
            "source_file": null,
            "type": "zip"
          },
          "sensitive_attributes": []
        }
      ]
    },
    {
      "mode": "data",
      "type": "aws_caller_identity",
      "name": "current",
      "provider": "provider[\"registry.terraform.io/hashicorp/aws\"]",
      "instances": [
        {
          "schema_version": 0,
          "attributes": {
            "account_id": "498606688292",
            "arn": "arn:aws:iam::498606688292:user/riches-reach-ai-user",
            "id": "498606688292",
            "user_id": "AIDAXIF2GJASGDBPEGA6T"
          },
          "sensitive_attributes": []
        }
      ]
    },
    {
      "mode": "data",
      "type": "aws_iam_policy_document",
      "name": "app_read_secrets",
      "provider": "provider[\"registry.terraform.io/hashicorp/aws\"]",
      "instances": [
        {
          "schema_version": 0,
          "attributes": {
            "id": "1742399957",
            "json": "{\n  \"Version\": \"2012-10-17\",\n  \"Statement\": [\n    {\n      \"Effect\": \"Allow\",\n      \"Action\": [\n        \"secretsmanager:GetSecretValue\",\n        \"secretsmanager:DescribeSecret\"\n      ],\n      \"Resource\": [\n        \"arn:aws:secretsmanager:us-east-1:498606688292:secret:richesreach/production/walletconnect_id-4pW4HF\",\n        \"arn:aws:secretsmanager:us-east-1:498606688292:secret:richesreach/production/polygon_api_key-PnIZUE\",\n        \"arn:aws:secretsmanager:us-east-1:498606688292:secret:richesreach/production/openai_api_key-9tfVYH\",\n        \"arn:aws:secretsmanager:us-east-1:498606688292:secret:richesreach/production/newsapi_key-wr8m4H\",\n        \"arn:aws:secretsmanager:us-east-1:498606688292:secret:richesreach/production/finnhub_api_key-spPvOF\",\n        \"arn:aws:secretsmanager:us-east-1:498606688292:secret:richesreach/production/aws_access_key-nnwExD\",\n        \"arn:aws:secretsmanager:us-east-1:498606688292:secret:richesreach/production/alpha_vantage_key-nnwExD\",\n        \"arn:aws:secretsmanager:us-east-1:498606688292:secret:richesreach/production/alchemy_key-Klp8EE\"\n      ],\n      \"Condition\": {\n        \"StringEquals\": {\n          \"aws:ResourceAccount\": \"498606688292\"\n        }\n      }\n    }\n  ]\n}",
            "minified_json": "{\"Version\":\"2012-10-17\",\"Statement\":[{\"Effect\":\"Allow\",\"Action\":[\"secretsmanager:GetSecretValue\",\"secretsmanager:DescribeSecret\"],\"Resource\":[\"arn:aws:secretsmanager:us-east-1:498606688292:secret:richesreach/production/walletconnect_id-4pW4HF\",\"arn:aws:secretsmanager:us-east-1:498606688292:secret:richesreach/production/polygon_api_key-PnIZUE\",\"arn:aws:secretsmanager:us-east-1:498606688292:secret:richesreach/production/openai_api_key-9tfVYH\",\"arn:aws:secretsmanager:us-east-1:498606688292:secret:richesreach/production/newsapi_key-wr8m4H\",\"arn:aws:secretsmanager:us-east-1:498606688292:secret:richesreach/production/finnhub_api_key-spPvOF\",\"arn:aws:secretsmanager:us-east-1:498606688292:secret:richesreach/production/aws_access_key-nnwExD\",\"arn:aws:secretsmanager:us-east-1:498606688292:secret:richesreach/production/alpha_vantage_key-nnwExD\",\"arn:aws:secretsmanager:us-east-1:498606688292:secret:richesreach/production/alchemy_key-Klp8EE\"],\"Condition\":{\"StringEquals\":{\"aws:ResourceAccount\":\"498606688292\"}}}]}",
            "override_json": null,
            "override_policy_documents": null,
            "policy_id": null,
            "source_json": null,
            "source_policy_documents": null,
            "statement": [
              {
                "actions": [
                  "secretsmanager:DescribeSecret",
                  "secretsmanager:GetSecretValue"
                ],
                "condition": [
                  {
                    "test": "StringEquals",
                    "values": [
                      "498606688292"
                    ],
                    "variable": "aws:ResourceAccount"
                  }
                ],
                "effect": "Allow",
                "not_actions": [],
                "not_principals": [],
                "not_resources": [],
                "principals": [],
                "resources": [
                  "arn:aws:secretsmanager:us-east-1:498606688292:secret:richesreach/production/alchemy_key-Klp8EE",
                  "arn:aws:secretsmanager:us-east-1:498606688292:secret:richesreach/production/alpha_vantage_key-nnwExD",
                  "arn:aws:secretsmanager:us-east-1:498606688292:secret:richesreach/production/aws_access_key-nnwExD",
                  "arn:aws:secretsmanager:us-east-1:498606688292:secret:richesreach/production/finnhub_api_key-spPvOF",
                  "arn:aws:secretsmanager:us-east-1:498606688292:secret:richesreach/production/newsapi_key-wr8m4H",
                  "arn:aws:secretsmanager:us-east-1:498606688292:secret:richesreach/production/openai_api_key-9tfVYH",
                  "arn:aws:secretsmanager:us-east-1:498606688292:secret:richesreach/production/polygon_api_key-PnIZUE",
                  "arn:aws:secretsmanager:us-east-1:498606688292:secret:richesreach/production/walletconnect_id-4pW4HF"
                ],
                "sid": ""
              }
            ],
            "version": "2012-10-17"
          },
          "sensitive_attributes": []
        }
      ]
    },
    {
      "mode": "data",
      "type": "aws_iam_policy_document",
      "name": "ci_rotate_secrets",
      "provider": "provider[\"registry.terraform.io/hashicorp/aws\"]",
      "instances": []
    },
    {
      "mode": "managed",
      "type": "aws_cloudwatch_event_rule",
      "name": "rotate_monthly",
      "provider": "provider[\"registry.terraform.io/hashicorp/aws\"]",
      "instances": [
        {
          "schema_version": 1,
          "attributes": {
            "arn": "arn:aws:events:us-east-1:498606688292:rule/richesreach-production-rotate-monthly",
            "description": "Trigger monthly secret rotation check",
            "event_bus_name": "default",
            "event_pattern": null,
            "force_destroy": false,
            "id": "richesreach-production-rotate-monthly",
            "is_enabled": true,
            "name": "richesreach-production-rotate-monthly",
            "name_prefix": "",
            "region": "us-east-1",
            "role_arn": "",
            "schedule_expression": "rate(30 days)",
            "state": "ENABLED",
            "tags": {
              "Environment": "production",
              "Project": "richesreach"
            },
            "tags_all": {
              "Environment": "production",
              "Project": "richesreach"
            }
          },
          "sensitive_attributes": [],
          "private": "eyJzY2hlbWFfdmVyc2lvbiI6IjEifQ=="
        }
      ]
    },
    {
      "mode": "managed",
      "type": "aws_cloudwatch_event_target",
      "name": "rotate_generic_monthly",
      "provider": "provider[\"registry.terraform.io/hashicorp/aws\"]",
      "instances": []
    },
    {
      "mode": "managed",
      "type": "aws_iam_policy",
      "name": "app_read_secrets",
      "provider": "provider[\"registry.terraform.io/hashicorp/aws\"]",
      "instances": [
        {
          "schema_version": 0,
          "attributes": {
            "arn": "arn:aws:iam::498606688292:policy/richesreach-production-app-read-secrets",
            "attachment_count": 0,
            "description": "Policy for application to read secrets",
            "id": "arn:aws:iam::498606688292:policy/richesreach-production-app-read-secrets",
            "name": "richesreach-production-app-read-secrets",
            "name_prefix": "",
            "path": "/",
            "policy": "{\"Statement\":[{\"Action\":[\"secretsmanager:GetSecretValue\",\"secretsmanager:DescribeSecret\"],\"Condition\":{\"StringEquals\":{\"aws:ResourceAccount\":\"498606688292\"}},\"Effect\":\"Allow\",\"Resource\":[\"arn:aws:secretsmanager:us-east-1:498606688292:secret:richesreach/production/walletconnect_id-4pW4HF\",\"arn:aws:secretsmanager:us-east-1:498606688292:secret:richesreach/production/polygon_api_key-PnIZUE\",\"arn:aws:secretsmanager:us-east-1:498606688292:secret:richesreach/production/openai_api_key-9tfVYH\",\"arn:aws:secretsmanager:us-east-1:498606688292:secret:richesreach/production/newsapi_key-wr8m4H\",\"arn:aws:secretsmanager:us-east-1:498606688292:secret:richesreach/production/finnhub_api_key-spPvOF\",\"arn:aws:secretsmanager:us-east-1:498606688292:secret:richesreach/production/aws_access_key-nnwExD\",\"arn:aws:secretsmanager:us-east-1:498606688292:secret:richesreach/production/alpha_vantage_key-nnwExD\",\"arn:aws:secretsmanager:us-east-1:498606688292:secret:richesreach/production/alchemy_key-Klp8EE\"]}],\"Version\":\"2012-10-17\"}",
            "policy_id": "ANPAXIF2GJASKP4AP4EIH",
            "tags": null,
            "tags_all": {}
          },
          "sensitive_attributes": [],
          "private": "bnVsbA==",
          "dependencies": [
            "aws_kms_key.secrets_mrk",
            "aws_secretsmanager_secret.secret",
            "data.aws_caller_identity.current",
            "data.aws_iam_policy_document.app_read_secrets"
          ]
        }
      ]
    },
    {
      "mode": "managed",
      "type": "aws_iam_policy",
      "name": "ci_rotate_secrets",
      "provider": "provider[\"registry.terraform.io/hashicorp/aws\"]",
      "instances": []
    },
    {
      "mode": "managed",
      "type": "aws_iam_role",
      "name": "rotate_generic_role",
      "provider": "provider[\"registry.terraform.io/hashicorp/aws\"]",
      "instances": [
        {
          "schema_version": 0,
          "attributes": {
            "arn": "arn:aws:iam::498606688292:role/richesreach-production-rotate-generic",
            "assume_role_policy": "{\"Statement\":[{\"Action\":\"sts:AssumeRole\",\"Effect\":\"Allow\",\"Principal\":{\"Service\":\"lambda.amazonaws.com\"}}],\"Version\":\"2012-10-17\"}",
            "create_date": "2025-10-05T20:52:17Z",
            "description": "",
            "force_detach_policies": false,
            "id": "richesreach-production-rotate-generic",
            "inline_policy": [],
            "managed_policy_arns": [],
            "max_session_duration": 3600,
            "name": "richesreach-production-rotate-generic",
            "name_prefix": "",
            "path": "/",
            "permissions_boundary": "",
            "tags": {},
            "tags_all": {},
            "unique_id": "AROAXIF2GJASEXP4BTQ2G"
          },
          "sensitive_attributes": [],
          "private": "bnVsbA=="
        }
      ]
    },
    {
      "mode": "managed",
      "type": "aws_iam_role_policy",
      "name": "rotate_generic_policy",
      "provider": "provider[\"registry.terraform.io/hashicorp/aws\"]",
      "instances": [
        {
          "schema_version": 0,
          "attributes": {
            "id": "richesreach-production-rotate-generic:richesreach-production-rotate-generic",
            "name": "richesreach-production-rotate-generic",
            "name_prefix": "",
            "policy": "{\"Version\":\"2012-10-17\",\"Statement\":[{\"Action\":[\"secretsmanager:GetSecretValue\",\"secretsmanager:PutSecretValue\",\"secretsmanager:UpdateSecretVersionStage\"],\"Effect\":\"Allow\",\"Resource\":[\"arn:aws:secretsmanager:us-east-1:498606688292:secret:richesreach/production/alchemy_key-Klp8EE\",\"arn:aws:secretsmanager:us-east-1:498606688292:secret:richesreach/production/alpha_vantage_key-nnwExD\",\"arn:aws:secretsmanager:us-east-1:498606688292:secret:richesreach/production/aws_access_key-nnwExD\",\"arn:aws:secretsmanager:us-east-1:498606688292:secret:richesreach/production/finnhub_api_key-spPvOF\",\"arn:aws:secretsmanager:us-east-1:498606688292:secret:richesreach/production/newsapi_key-wr8m4H\",\"arn:aws:secretsmanager:us-east-1:498606688292:secret:richesreach/production/openai_api_key-9tfVYH\",\"arn:aws:secretsmanager:us-east-1:498606688292:secret:richesreach/production/polygon_api_key-PnIZUE\",\"arn:aws:secretsmanager:us-east-1:498606688292:secret:richesreach/production/walletconnect_id-4pW4HF\"]},{\"Action\":[\"logs:CreateLogGroup\",\"logs:CreateLogStream\",\"logs:PutLogEvents\"],\"Effect\":\"Allow\",\"Resource\":\"arn:aws:logs:*:*:*\"}]}",
            "role": "richesreach-production-rotate-generic"
          },
          "sensitive_attributes": [],
          "private": "bnVsbA==",
          "dependencies": [
            "aws_iam_role.rotate_generic_role",
            "aws_kms_key.secrets_mrk",
            "aws_secretsmanager_secret.secret",
            "data.aws_caller_identity.current"
          ]
        }
      ]
    },
    {
      "mode": "managed",
      "type": "aws_kms_alias",
      "name": "secrets_mrk_alias",
      "provider": "provider[\"registry.terraform.io/hashicorp/aws\"]",
      "instances": [
        {
          "schema_version": 0,
          "attributes": {
            "arn": "arn:aws:kms:us-east-1:498606688292:alias/richesreach-production-secrets",
            "id": "alias/richesreach-production-secrets",
            "name": "alias/richesreach-production-secrets",
            "name_prefix": "",
            "region": "us-east-1",
            "target_key_arn": "arn:aws:kms:us-east-1:498606688292:key/mrk-543ff07329f344aca6b1db17309e16b2",
            "target_key_id": "mrk-543ff07329f344aca6b1db17309e16b2"
          },
          "sensitive_attributes": [],
          "private": "bnVsbA==",
          "dependencies": [
            "aws_kms_key.secrets_mrk",
            "data.aws_caller_identity.current"
          ]
        }
      ]
    },
    {
      "mode": "managed",
      "type": "aws_kms_key",
      "name": "secrets_mrk",
      "provider": "provider[\"registry.terraform.io/hashicorp/aws\"]",
      "instances": [
        {
          "schema_version": 0,
          "attributes": {
            "arn": "arn:aws:kms:us-east-1:498606688292:key/mrk-543ff07329f344aca6b1db17309e16b2",
            "bypass_policy_lockout_safety_check": false,
            "custom_key_store_id": "",
            "customer_master_key_spec": "SYMMETRIC_DEFAULT",
            "deletion_window_in_days": null,
            "description": "richesreach-production-secrets-mrk",
            "enable_key_rotation": true,
            "id": "mrk-543ff07329f344aca6b1db17309e16b2",
            "is_enabled": true,
            "key_id": "mrk-543ff07329f344aca6b1db17309e16b2",
            "key_usage": "ENCRYPT_DECRYPT",
            "multi_region": true,
            "policy": "{\"Statement\":[{\"Action\":\"kms:*\",\"Effect\":\"Allow\",\"Principal\":{\"AWS\":\"arn:aws:iam::498606688292:root\"},\"Resource\":\"*\",\"Sid\":\"Enable IAM User Permissions\"},{\"Action\":[\"kms:Decrypt\",\"kms:GenerateDataKey\"],\"Effect\":\"Allow\",\"Principal\":{\"Service\":\"secretsmanager.amazonaws.com\"},\"Resource\":\"*\",\"Sid\":\"Allow Secrets Manager\"}],\"Version\":\"2012-10-17\"}",
            "region": "us-east-1",
            "rotation_period_in_days": 365,
            "tags": null,
            "tags_all": {},
            "timeouts": null,
            "xks_key_id": ""
          },
          "sensitive_attributes": [],
          "private": "eyJlMmJmYjczMC1lY2FhLTExZTYtOGY4OC0zNDM2M2JjN2M0YzAiOnsiY3JlYXRlIjoxMjAwMDAwMDAwMDB9fQ==",
          "dependencies": [
            "data.aws_caller_identity.current"
          ]
        }
      ]
    },
    {
      "mode": "managed",
      "type": "aws_lambda_permission",
      "name": "allow_events",
      "provider": "provider[\"registry.terraform.io/hashicorp/aws\"]",
      "instances": []
    },
    {
      "mode": "managed",
      "type": "aws_secretsmanager_secret",
      "name": "secret",
      "provider": "provider[\"registry.terraform.io/hashicorp/aws\"]",
      "instances": [
        {
          "index_key": "alchemy_key",
          "schema_version": 0,
          "attributes": {
            "arn": "arn:aws:secretsmanager:us-east-1:498606688292:secret:richesreach/production/alchemy_key-Klp8EE",
            "description": "Alchemy API key for blockchain data",
            "force_overwrite_replica_secret": false,
            "id": "arn:aws:secretsmanager:us-east-1:498606688292:secret:richesreach/production/alchemy_key-Klp8EE",
            "kms_key_id": "arn:aws:kms:us-east-1:498606688292:key/mrk-543ff07329f344aca6b1db17309e16b2",
            "name": "richesreach/production/alchemy_key",
            "name_prefix": "",
            "policy": "",
            "recovery_window_in_days": 7,
            "region": "us-east-1",
            "replica": [],
            "tags": {
              "Environment": "production",
              "ManagedBy": "terraform",
              "Project": "richesreach"
            },
            "tags_all": {
              "Environment": "production",
              "ManagedBy": "terraform",
              "Project": "richesreach"
            }
          },
          "sensitive_attributes": [],
          "private": "bnVsbA==",
          "dependencies": [
            "aws_kms_key.secrets_mrk",
            "data.aws_caller_identity.current"
          ]
        },
        {
          "index_key": "alpha_vantage_key",
          "schema_version": 0,
          "attributes": {
            "arn": "arn:aws:secretsmanager:us-east-1:498606688292:secret:richesreach/production/alpha_vantage_key-nnwExD",
            "description": "Alpha Vantage API key for technical indicators",
            "force_overwrite_replica_secret": false,
            "id": "arn:aws:secretsmanager:us-east-1:498606688292:secret:richesreach/production/alpha_vantage_key-nnwExD",
            "kms_key_id": "arn:aws:kms:us-east-1:498606688292:key/mrk-543ff07329f344aca6b1db17309e16b2",
            "name": "richesreach/production/alpha_vantage_key",
            "name_prefix": "",
            "policy": "",
            "recovery_window_in_days": 7,
            "region": "us-east-1",
            "replica": [],
            "tags": {
              "Environment": "production",
              "ManagedBy": "terraform",
              "Project": "richesreach"
            },
            "tags_all": {
              "Environment": "production",
              "ManagedBy": "terraform",
              "Project": "richesreach"
            }
          },
          "sensitive_attributes": [],
          "private": "bnVsbA==",
          "dependencies": [
            "aws_kms_key.secrets_mrk",
            "data.aws_caller_identity.current"
          ]
        },
        {
          "index_key": "aws_access_key",
          "schema_version": 0,
          "attributes": {
            "arn": "arn:aws:secretsmanager:us-east-1:498606688292:secret:richesreach/production/aws_access_key-nnwExD",
            "description": "AWS IAM access key for CI/CD",
            "force_overwrite_replica_secret": false,
            "id": "arn:aws:secretsmanager:us-east-1:498606688292:secret:richesreach/production/aws_access_key-nnwExD",
            "kms_key_id": "arn:aws:kms:us-east-1:498606688292:key/mrk-543ff07329f344aca6b1db17309e16b2",
            "name": "richesreach/production/aws_access_key",
            "name_prefix": "",
            "policy": "",
            "recovery_window_in_days": 7,
            "region": "us-east-1",
            "replica": [],
            "tags": {
              "Environment": "production",
              "ManagedBy": "terraform",
              "Project": "richesreach"
            },
            "tags_all": {
              "Environment": "production",
              "ManagedBy": "terraform",
              "Project": "richesreach"
            }
          },
          "sensitive_attributes": [],
          "private": "bnVsbA==",
          "dependencies": [
            "aws_kms_key.secrets_mrk",
            "data.aws_caller_identity.current"
          ]
        },
        {
          "index_key": "finnhub_api_key",
          "schema_version": 0,
          "attributes": {
            "arn": "arn:aws:secretsmanager:us-east-1:498606688292:secret:richesreach/production/finnhub_api_key-spPvOF",
            "description": "Finnhub API key for stock data",
            "force_overwrite_replica_secret": false,
            "id": "arn:aws:secretsmanager:us-east-1:498606688292:secret:richesreach/production/finnhub_api_key-spPvOF",
            "kms_key_id": "arn:aws:kms:us-east-1:498606688292:key/mrk-543ff07329f344aca6b1db17309e16b2",
            "name": "richesreach/production/finnhub_api_key",
            "name_prefix": "",
            "policy": "",
            "recovery_window_in_days": 7,
            "region": "us-east-1",
            "replica": [],
            "tags": {
              "Environment": "production",
              "ManagedBy": "terraform",
              "Project": "richesreach"
            },
            "tags_all": {
              "Environment": "production",
              "ManagedBy": "terraform",
              "Project": "richesreach"
            }
          },
          "sensitive_attributes": [],
          "private": "bnVsbA==",
          "dependencies": [
            "aws_kms_key.secrets_mrk",
            "data.aws_caller_identity.current"
          ]
        },
        {
          "index_key": "newsapi_key",
          "schema_version": 0,
          "attributes": {
            "arn": "arn:aws:secretsmanager:us-east-1:498606688292:secret:richesreach/production/newsapi_key-wr8m4H",
            "description": "News API key for financial news",
            "force_overwrite_replica_secret": false,
            "id": "arn:aws:secretsmanager:us-east-1:498606688292:secret:richesreach/production/newsapi_key-wr8m4H",
            "kms_key_id": "arn:aws:kms:us-east-1:498606688292:key/mrk-543ff07329f344aca6b1db17309e16b2",
            "name": "richesreach/production/newsapi_key",
            "name_prefix": "",
            "policy": "",
            "recovery_window_in_days": 7,
            "region": "us-east-1",
            "replica": [],
            "tags": {
              "Environment": "production",
              "ManagedBy": "terraform",
              "Project": "richesreach"
            },
            "tags_all": {
              "Environment": "production",
              "ManagedBy": "terraform",
              "Project": "richesreach"
            }
          },
          "sensitive_attributes": [],
          "private": "bnVsbA==",
          "dependencies": [
            "aws_kms_key.secrets_mrk",
            "data.aws_caller_identity.current"
          ]
        },
        {
          "index_key": "openai_api_key",
          "schema_version": 0,
          "attributes": {
            "arn": "arn:aws:secretsmanager:us-east-1:498606688292:secret:richesreach/production/openai_api_key-9tfVYH",
            "description": "OpenAI API key for AI features",
            "force_overwrite_replica_secret": false,
            "id": "arn:aws:secretsmanager:us-east-1:498606688292:secret:richesreach/production/openai_api_key-9tfVYH",
            "kms_key_id": "arn:aws:kms:us-east-1:498606688292:key/mrk-543ff07329f344aca6b1db17309e16b2",
            "name": "richesreach/production/openai_api_key",
            "name_prefix": "",
            "policy": "",
            "recovery_window_in_days": 7,
            "region": "us-east-1",
            "replica": [],
            "tags": {
              "Environment": "production",
              "ManagedBy": "terraform",
              "Project": "richesreach"
            },
            "tags_all": {
              "Environment": "production",
              "ManagedBy": "terraform",
              "Project": "richesreach"
            }
          },
          "sensitive_attributes": [],
          "private": "bnVsbA==",
          "dependencies": [
            "aws_kms_key.secrets_mrk",
            "data.aws_caller_identity.current"
          ]
        },
        {
          "index_key": "polygon_api_key",
          "schema_version": 0,
          "attributes": {
            "arn": "arn:aws:secretsmanager:us-east-1:498606688292:secret:richesreach/production/polygon_api_key-PnIZUE",
            "description": "Polygon.io API key for market data",
            "force_overwrite_replica_secret": false,
            "id": "arn:aws:secretsmanager:us-east-1:498606688292:secret:richesreach/production/polygon_api_key-PnIZUE",
            "kms_key_id": "arn:aws:kms:us-east-1:498606688292:key/mrk-543ff07329f344aca6b1db17309e16b2",
            "name": "richesreach/production/polygon_api_key",
            "name_prefix": "",
            "policy": "",
            "recovery_window_in_days": 7,
            "region": "us-east-1",
            "replica": [],
            "tags": {
              "Environment": "production",
              "ManagedBy": "terraform",
              "Project": "richesreach"
            },
            "tags_all": {
              "Environment": "production",
              "ManagedBy": "terraform",
              "Project": "richesreach"
            }
          },
          "sensitive_attributes": [],
          "private": "bnVsbA==",
          "dependencies": [
            "aws_kms_key.secrets_mrk",
            "data.aws_caller_identity.current"
          ]
        },
        {
          "index_key": "walletconnect_id",
          "schema_version": 0,
          "attributes": {
            "arn": "arn:aws:secretsmanager:us-east-1:498606688292:secret:richesreach/production/walletconnect_id-4pW4HF",
            "description": "WalletConnect project ID",
            "force_overwrite_replica_secret": false,
            "id": "arn:aws:secretsmanager:us-east-1:498606688292:secret:richesreach/production/walletconnect_id-4pW4HF",
            "kms_key_id": "arn:aws:kms:us-east-1:498606688292:key/mrk-543ff07329f344aca6b1db17309e16b2",
            "name": "richesreach/production/walletconnect_id",
            "name_prefix": "",
            "policy": "",
            "recovery_window_in_days": 7,
            "region": "us-east-1",
            "replica": [],
            "tags": {
              "Environment": "production",
              "ManagedBy": "terraform",
              "Project": "richesreach"
            },
            "tags_all": {
              "Environment": "production",
              "ManagedBy": "terraform",
              "Project": "richesreach"
            }
          },
          "sensitive_attributes": [],
          "private": "bnVsbA==",
          "dependencies": [
            "aws_kms_key.secrets_mrk",
            "data.aws_caller_identity.current"
          ]
        }
      ]
    },
    {
      "mode": "managed",
      "type": "aws_secretsmanager_secret_rotation",
      "name": "generic_rotation",
      "provider": "provider[\"registry.terraform.io/hashicorp/aws\"]",
      "instances": []
    },
    {
      "mode": "managed",
      "type": "aws_secretsmanager_secret_version",
      "name": "secret_init",
      "provider": "provider[\"registry.terraform.io/hashicorp/aws\"]",
      "instances": [
        {
          "index_key": "alchemy_key",
          "schema_version": 0,
          "attributes": {
            "arn": "arn:aws:secretsmanager:us-east-1:498606688292:secret:richesreach/production/alchemy_key-Klp8EE",
            "has_secret_string_wo": null,
            "id": "arn:aws:secretsmanager:us-east-1:498606688292:secret:richesreach/production/alchemy_key-Klp8EE|terraform-2025100520535415160000000a",
            "region": "us-east-1",
            "secret_binary": "",
            "secret_id": "arn:aws:secretsmanager:us-east-1:498606688292:secret:richesreach/production/alchemy_key-Klp8EE",
            "secret_string": "{\"metadata\":{\"created_at\":\"2025-10-05T20:53:54Z\",\"rotated_by\":\"terraform\",\"source\":\"bootstrap\"},\"value\":\"REPLACE_ME_VIA_CI\"}",
            "secret_string_wo": null,
            "secret_string_wo_version": null,
            "version_id": "terraform-2025100520535415160000000a",
            "version_stages": [
              "AWSCURRENT"
            ]
          },
          "sensitive_attributes": [],
          "private": "bnVsbA==",
          "dependencies": [
            "aws_kms_key.secrets_mrk",
            "aws_secretsmanager_secret.secret",
            "data.aws_caller_identity.current"
          ]
        },
        {
          "index_key": "alpha_vantage_key",
          "schema_version": 0,
          "attributes": {
            "arn": "arn:aws:secretsmanager:us-east-1:498606688292:secret:richesreach/production/alpha_vantage_key-nnwExD",
            "has_secret_string_wo": null,
            "id": "arn:aws:secretsmanager:us-east-1:498606688292:secret:richesreach/production/alpha_vantage_key-nnwExD|terraform-2025100520535415210000000c",
            "region": "us-east-1",
            "secret_binary": "",
            "secret_id": "arn:aws:secretsmanager:us-east-1:498606688292:secret:richesreach/production/alpha_vantage_key-nnwExD",
            "secret_string": "{\"metadata\":{\"created_at\":\"2025-10-05T20:53:54Z\",\"rotated_by\":\"terraform\",\"source\":\"bootstrap\"},\"value\":\"REPLACE_ME_VIA_CI\"}",
            "secret_string_wo": null,
            "secret_string_wo_version": null,
            "version_id": "terraform-2025100520535415210000000c",
            "version_stages": [
              "AWSCURRENT"
            ]
          },
          "sensitive_attributes": [],
          "private": "bnVsbA==",
          "dependencies": [
            "aws_kms_key.secrets_mrk",
            "aws_secretsmanager_secret.secret",
            "data.aws_caller_identity.current"
          ]
        },
        {
          "index_key": "aws_access_key",
          "schema_version": 0,
          "attributes": {
            "arn": "arn:aws:secretsmanager:us-east-1:498606688292:secret:richesreach/production/aws_access_key-nnwExD",
            "has_secret_string_wo": null,
            "id": "arn:aws:secretsmanager:us-east-1:498606688292:secret:richesreach/production/aws_access_key-nnwExD|terraform-2025100520535415290000000f",
            "region": "us-east-1",
            "secret_binary": "",
            "secret_id": "arn:aws:secretsmanager:us-east-1:498606688292:secret:richesreach/production/aws_access_key-nnwExD",
            "secret_string": "{\"metadata\":{\"created_at\":\"2025-10-05T20:53:54Z\",\"rotated_by\":\"terraform\",\"source\":\"bootstrap\"},\"value\":\"REPLACE_ME_VIA_CI\"}",
            "secret_string_wo": null,
            "secret_string_wo_version": null,
            "version_id": "terraform-2025100520535415290000000f",
            "version_stages": [
              "AWSCURRENT"
            ]
          },
          "sensitive_attributes": [],
          "private": "bnVsbA==",
          "dependencies": [
            "aws_kms_key.secrets_mrk",
            "aws_secretsmanager_secret.secret",
            "data.aws_caller_identity.current"
          ]
        },
        {
          "index_key": "finnhub_api_key",
          "schema_version": 0,
          "attributes": {
            "arn": "arn:aws:secretsmanager:us-east-1:498606688292:secret:richesreach/production/finnhub_api_key-spPvOF",
            "has_secret_string_wo": null,
            "id": "arn:aws:secretsmanager:us-east-1:498606688292:secret:richesreach/production/finnhub_api_key-spPvOF|terraform-2025100520535415270000000e",
            "region": "us-east-1",
            "secret_binary": "",
            "secret_id": "arn:aws:secretsmanager:us-east-1:498606688292:secret:richesreach/production/finnhub_api_key-spPvOF",
            "secret_string": "{\"metadata\":{\"created_at\":\"2025-10-05T20:53:54Z\",\"rotated_by\":\"terraform\",\"source\":\"bootstrap\"},\"value\":\"REPLACE_ME_VIA_CI\"}",
            "secret_string_wo": null,
            "secret_string_wo_version": null,
            "version_id": "terraform-2025100520535415270000000e",
            "version_stages": [
              "AWSCURRENT"
            ]
          },
          "sensitive_attributes": [],
          "private": "bnVsbA==",
          "dependencies": [
            "aws_kms_key.secrets_mrk",
            "aws_secretsmanager_secret.secret",
            "data.aws_caller_identity.current"
          ]
        },
        {
          "index_key": "newsapi_key",
          "schema_version": 0,
          "attributes": {
            "arn": "arn:aws:secretsmanager:us-east-1:498606688292:secret:richesreach/production/newsapi_key-wr8m4H",
            "has_secret_string_wo": null,
            "id": "arn:aws:secretsmanager:us-east-1:498606688292:secret:richesreach/production/newsapi_key-wr8m4H|terraform-2025100520535415170000000b",
            "region": "us-east-1",
            "secret_binary": "",
            "secret_id": "arn:aws:secretsmanager:us-east-1:498606688292:secret:richesreach/production/newsapi_key-wr8m4H",
            "secret_string": "{\"metadata\":{\"created_at\":\"2025-10-05T20:53:54Z\",\"rotated_by\":\"terraform\",\"source\":\"bootstrap\"},\"value\":\"REPLACE_ME_VIA_CI\"}",
            "secret_string_wo": null,
            "secret_string_wo_version": null,
            "version_id": "terraform-2025100520535415170000000b",
            "version_stages": [
              "AWSCURRENT"
            ]
          },
          "sensitive_attributes": [],
          "private": "bnVsbA==",
          "dependencies": [
            "aws_kms_key.secrets_mrk",
            "aws_secretsmanager_secret.secret",
            "data.aws_caller_identity.current"
          ]
        },
        {
          "index_key": "openai_api_key",
          "schema_version": 0,
          "attributes": {
            "arn": "arn:aws:secretsmanager:us-east-1:498606688292:secret:richesreach/production/openai_api_key-9tfVYH",
            "has_secret_string_wo": null,
            "id": "arn:aws:secretsmanager:us-east-1:498606688292:secret:richesreach/production/openai_api_key-9tfVYH|terraform-2025100520535415210000000d",
            "region": "us-east-1",
            "secret_binary": "",
            "secret_id": "arn:aws:secretsmanager:us-east-1:498606688292:secret:richesreach/production/openai_api_key-9tfVYH",
            "secret_string": "{\"metadata\":{\"created_at\":\"2025-10-05T20:53:54Z\",\"rotated_by\":\"terraform\",\"source\":\"bootstrap\"},\"value\":\"REPLACE_ME_VIA_CI\"}",
            "secret_string_wo": null,
            "secret_string_wo_version": null,
            "version_id": "terraform-2025100520535415210000000d",
            "version_stages": [
              "AWSCURRENT"
            ]
          },
          "sensitive_attributes": [],
          "private": "bnVsbA==",
          "dependencies": [
            "aws_kms_key.secrets_mrk",
            "aws_secretsmanager_secret.secret",
            "data.aws_caller_identity.current"
          ]
        },
        {
          "index_key": "polygon_api_key",
          "schema_version": 0,
          "attributes": {
            "arn": "arn:aws:secretsmanager:us-east-1:498606688292:secret:richesreach/production/polygon_api_key-PnIZUE",
            "has_secret_string_wo": null,
            "id": "arn:aws:secretsmanager:us-east-1:498606688292:secret:richesreach/production/polygon_api_key-PnIZUE|terraform-20251005205354158100000010",
            "region": "us-east-1",
            "secret_binary": "",
            "secret_id": "arn:aws:secretsmanager:us-east-1:498606688292:secret:richesreach/production/polygon_api_key-PnIZUE",
            "secret_string": "{\"metadata\":{\"created_at\":\"2025-10-05T20:53:54Z\",\"rotated_by\":\"terraform\",\"source\":\"bootstrap\"},\"value\":\"REPLACE_ME_VIA_CI\"}",
            "secret_string_wo": null,
            "secret_string_wo_version": null,
            "version_id": "terraform-20251005205354158100000010",
            "version_stages": [
              "AWSCURRENT"
            ]
          },
          "sensitive_attributes": [],
          "private": "bnVsbA==",
          "dependencies": [
            "aws_kms_key.secrets_mrk",
            "aws_secretsmanager_secret.secret",
            "data.aws_caller_identity.current"
          ]
        },
        {
          "index_key": "walletconnect_id",
          "schema_version": 0,
          "attributes": {
            "arn": "arn:aws:secretsmanager:us-east-1:498606688292:secret:richesreach/production/walletconnect_id-4pW4HF",
            "has_secret_string_wo": null,
            "id": "arn:aws:secretsmanager:us-east-1:498606688292:secret:richesreach/production/walletconnect_id-4pW4HF|terraform-20251005205354150000000009",
            "region": "us-east-1",
            "secret_binary": "",
            "secret_id": "arn:aws:secretsmanager:us-east-1:498606688292:secret:richesreach/production/walletconnect_id-4pW4HF",
            "secret_string": "{\"metadata\":{\"created_at\":\"2025-10-05T20:53:54Z\",\"rotated_by\":\"terraform\",\"source\":\"bootstrap\"},\"value\":\"REPLACE_ME_VIA_CI\"}",
            "secret_string_wo": null,
            "secret_string_wo_version": null,
            "version_id": "terraform-20251005205354150000000009",
            "version_stages": [
              "AWSCURRENT"
            ]
          },
          "sensitive_attributes": [],
          "private": "bnVsbA==",
          "dependencies": [
            "aws_kms_key.secrets_mrk",
            "aws_secretsmanager_secret.secret",
            "data.aws_caller_identity.current"
          ]
        }
      ]
    }
  ],
  "check_results": null
}
